
Microsoft Visual Studio Solution File, Format Version 12.00
# Visual Studio Version 17
VisualStudioVersion = 17.5.002.0
MinimumVisualStudioVersion = 10.0.40219.1
Project("{9A19103F-16F7-4668-BE54-9A1E7A4F7556}") = "GymBlog", "GymBlog.csproj", "{8B0F6552-4992-477A-8430-067D7C41A99B}"
EndProject
Global
	GlobalSection(SolutionConfigurationPlatforms) = preSolution
		Debug|Any CPU = Debug|Any CPU
		Release|Any CPU = Release|Any CPU
	EndGlobalSection
	GlobalSection(ProjectConfigurationPlatforms) = postSolution
		{8B0F6552-4992-477A-8430-067D7C41A99B}.Debug|Any CPU.ActiveCfg = Debug|Any CPU
		{8B0F6552-4992-477A-8430-067D7C41A99B}.Debug|Any CPU.Build.0 = Debug|Any CPU
		{8B0F6552-4992-477A-8430-067D7C41A99B}.Release|Any CPU.ActiveCfg = Release|Any CPU
		{8B0F6552-4992-477A-8430-067D7C41A99B}.Release|Any CPU.Build.0 = Release|Any CPU
	EndGlobalSection
	GlobalSection(SolutionProperties) = preSolution
		HideSolutionNode = FALSE
	EndGlobalSection
	GlobalSection(ExtensibilityGlobals) = postSolution
		SolutionGuid = {39F4CCB9-6688-47F0-B82E-C9E12DB728DE}
	EndGlobalSection
EndGlobal
